{
  "originHash" : "fd02ad7a53cd04170e782f433dd0dfe3a349a106c252e5d7447d92d97525a838",
  "pins" : [
    {
      "identity" : "z",
      "kind" : "remoteSourceControl",
      "location" : "https://github.com/Deplorean/z.git",
      "state" : {
        "branch" : "main",
        "revision" : "8c40415c62e77c4113e5d5dc53d81897ecd06ffc"
      }
    }
  ],
  "version" : 3
}
