{
  "originHash" : "8611625f0e2341aee436edbc2d020e1c35fa3ce84a101d30cff326c943813691",
  "pins" : [
    {
      "identity" : "z",
      "kind" : "remoteSourceControl",
      "location" : "git@github.com:Deplorean/z.git",
      "state" : {
        "revision" : "2504cd7ac5249277445f12af1492e9cbdc3da1f0",
        "version" : "1.3.1"
      }
    }
  ],
  "version" : 3
}
