{
  "originHash" : "b732c4c767d053e888db828b87022a3565b2a7c3ab73bbd2ae39ce9fb73454fb",
  "pins" : [
    {
      "identity" : "z",
      "kind" : "remoteSourceControl",
      "location" : "https://github.com/Deplorean/z.git",
      "state" : {
        "branch" : "main",
        "revision" : "e79fd1154a97533bd77f5968758b13c94fd89a31"
      }
    }
  ],
  "version" : 3
}
